
Microsoft Visual Studio Solution File, Format Version 12.00
# Visual Studio Version 17
VisualStudioVersion = 17.14.36221.1 d17.14
MinimumVisualStudioVersion = 10.0.40219.1
Project("{FAE04EC0-301F-11D3-BF4B-00C04F79EFBC}") = "StudentPortal.Web", "StudentPortal.Web\StudentPortal.Web.csproj", "{ECC14726-FA96-46CF-A3B3-ABB6D7FBE15D}"
EndProject
Project("{2150E333-8FDC-42A3-9474-1A3956D46DE8}") = "Solution Items", "Solution Items", "{02EA681E-C7D8-13C7-8484-4AC65E1B71E8}"
	ProjectSection(SolutionItems) = preProject
		.editorconfig = .editorconfig
	EndProjectSection
EndProject
Global
	GlobalSection(SolutionConfigurationPlatforms) = preSolution
		Debug|Any CPU = Debug|Any CPU
		Release|Any CPU = Release|Any CPU
	EndGlobalSection
	GlobalSection(ProjectConfigurationPlatforms) = postSolution
		{ECC14726-FA96-46CF-A3B3-ABB6D7FBE15D}.Debug|Any CPU.ActiveCfg = Debug|Any CPU
		{ECC14726-FA96-46CF-A3B3-ABB6D7FBE15D}.Debug|Any CPU.Build.0 = Debug|Any CPU
		{ECC14726-FA96-46CF-A3B3-ABB6D7FBE15D}.Release|Any CPU.ActiveCfg = Release|Any CPU
		{ECC14726-FA96-46CF-A3B3-ABB6D7FBE15D}.Release|Any CPU.Build.0 = Release|Any CPU
	EndGlobalSection
	GlobalSection(SolutionProperties) = preSolution
		HideSolutionNode = FALSE
	EndGlobalSection
	GlobalSection(ExtensibilityGlobals) = postSolution
		SolutionGuid = {1AD9183E-5070-48DA-9598-F72F82D97E06}
	EndGlobalSection
EndGlobal
